
Microsoft Visual Studio Solution File, Format Version 12.00
# Visual Studio 15
VisualStudioVersion = 15.0.27428.2027
MinimumVisualStudioVersion = 10.0.40219.1
Project("{FAE04EC0-301F-11D3-BF4B-00C04F79EFBC}") = "TestApp", "TestApp\TestApp.csproj", "{4C9355D2-E5DD-4188-97CA-EF5A9D6B9203}"
EndProject
Project("{FAE04EC0-301F-11D3-BF4B-00C04F79EFBC}") = "TestApp.Library", "TestApp.Library\TestApp.Library.csproj", "{682B4548-4CA6-4BF6-B61D-60E5956E9CB1}"
EndProject
Project("{FAE04EC0-301F-11D3-BF4B-00C04F79EFBC}") = "TestApp.Library.Test", "TestApp.Library.Test\TestApp.Library.Test.csproj", "{D733D512-605E-4CE3-B663-6D9DAC43887B}"
EndProject
Project("{2150E333-8FDC-42A3-9474-1A3956D46DE8}") = "Solution Items", "Solution Items", "{A9333982-9301-4440-ADAA-C37E8ABC9DFF}"
	ProjectSection(SolutionItems) = preProject
		Readme.txt = Readme.txt
	EndProjectSection
EndProject
Global
	GlobalSection(SolutionConfigurationPlatforms) = preSolution
		Debug|Any CPU = Debug|Any CPU
		Release|Any CPU = Release|Any CPU
	EndGlobalSection
	GlobalSection(ProjectConfigurationPlatforms) = postSolution
		{4C9355D2-E5DD-4188-97CA-EF5A9D6B9203}.Debug|Any CPU.ActiveCfg = Debug|Any CPU
		{4C9355D2-E5DD-4188-97CA-EF5A9D6B9203}.Debug|Any CPU.Build.0 = Debug|Any CPU
		{4C9355D2-E5DD-4188-97CA-EF5A9D6B9203}.Release|Any CPU.ActiveCfg = Release|Any CPU
		{4C9355D2-E5DD-4188-97CA-EF5A9D6B9203}.Release|Any CPU.Build.0 = Release|Any CPU
		{682B4548-4CA6-4BF6-B61D-60E5956E9CB1}.Debug|Any CPU.ActiveCfg = Debug|Any CPU
		{682B4548-4CA6-4BF6-B61D-60E5956E9CB1}.Debug|Any CPU.Build.0 = Debug|Any CPU
		{682B4548-4CA6-4BF6-B61D-60E5956E9CB1}.Release|Any CPU.ActiveCfg = Release|Any CPU
		{682B4548-4CA6-4BF6-B61D-60E5956E9CB1}.Release|Any CPU.Build.0 = Release|Any CPU
		{D733D512-605E-4CE3-B663-6D9DAC43887B}.Debug|Any CPU.ActiveCfg = Debug|Any CPU
		{D733D512-605E-4CE3-B663-6D9DAC43887B}.Debug|Any CPU.Build.0 = Debug|Any CPU
		{D733D512-605E-4CE3-B663-6D9DAC43887B}.Release|Any CPU.ActiveCfg = Release|Any CPU
		{D733D512-605E-4CE3-B663-6D9DAC43887B}.Release|Any CPU.Build.0 = Release|Any CPU
	EndGlobalSection
	GlobalSection(SolutionProperties) = preSolution
		HideSolutionNode = FALSE
	EndGlobalSection
	GlobalSection(ExtensibilityGlobals) = postSolution
		SolutionGuid = {B3955BA5-104D-449A-918A-DCCE015BE4B8}
	EndGlobalSection
EndGlobal
